// !$*UTF8*$!
{
	archiveVersion = 1;
	classes = {
	};
	objectVersion = 46;
	objects = {

/* Begin PBXBuildFile section */
		126B6A551DE740E900D3E8F2 /* AppDelegate.swift in Sources */ = {isa = PBXBuildFile; fileRef = 126B6A541DE740E900D3E8F2 /* AppDelegate.swift */; };
		126B6A571DE740E900D3E8F2 /* ViewController.swift in Sources */ = {isa = PBXBuildFile; fileRef = 126B6A561DE740E900D3E8F2 /* ViewController.swift */; };
		126B6A5A1DE740E900D3E8F2 /* Main.storyboard in Resources */ = {isa = PBXBuildFile; fileRef = 126B6A581DE740E900D3E8F2 /* Main.storyboard */; };
		126B6A5C1DE740E900D3E8F2 /* Assets.xcassets in Resources */ = {isa = PBXBuildFile; fileRef = 126B6A5B1DE740E900D3E8F2 /* Assets.xcassets */; };
		126B6A5F1DE740E900D3E8F2 /* LaunchScreen.storyboard in Resources */ = {isa = PBXBuildFile; fileRef = 126B6A5D1DE740E900D3E8F2 /* LaunchScreen.storyboard */; };
/* End PBXBuildFile section */

/* Begin PBXFileReference section */
		126B6A511DE740E900D3E8F2 /* samplePostUsingFirebase.app */ = {isa = PBXFileReference; explicitFileType = wrapper.application; includeInIndex = 0; path = samplePostUsingFirebase.app; sourceTree = BUILT_PRODUCTS_DIR; };
		126B6A541DE740E900D3E8F2 /* AppDelegate.swift */ = {isa = PBXFileReference; lastKnownFileType = sourcecode.swift; path = AppDelegate.swift; sourceTree = "<group>"; };
		126B6A561DE740E900D3E8F2 /* ViewController.swift */ = {isa = PBXFileReference; lastKnownFileType = sourcecode.swift; path = ViewController.swift; sourceTree = "<group>"; };
		126B6A591DE740E900D3E8F2 /* Base */ = {isa = PBXFileReference; lastKnownFileType = file.storyboard; name = Base; path = Base.lproj/Main.storyboard; sourceTree = "<group>"; };
		126B6A5B1DE740E900D3E8F2 /* Assets.xcassets */ = {isa = PBXFileReference; lastKnownFileType = folder.assetcatalog; path = Assets.xcassets; sourceTree = "<group>"; };
		126B6A5E1DE740E900D3E8F2 /* Base */ = {isa = PBXFileReference; lastKnownFileType = file.storyboard; name = Base; path = Base.lproj/LaunchScreen.storyboard; sourceTree = "<group>"; };
		126B6A601DE740E900D3E8F2 /* Info.plist */ = {isa = PBXFileReference; lastKnownFileType = text.plist.xml; path = Info.plist; sourceTree = "<group>"; };
/* End PBXFileReference section */

/* Begin PBXFrameworksBuildPhase section */
		126B6A4E1DE740E900D3E8F2 /* Frameworks */ = {
			isa = PBXFrameworksBuildPhase;
			buildActionMask = 2147483647;
			files = (
			);
			runOnlyForDeploymentPostprocessing = 0;
		};
/* End PBXFrameworksBuildPhase section */

/* Begin PBXGroup section */
		126B6A481DE740E900D3E8F2 = {
			isa = PBXGroup;
			children = (
				126B6A531DE740E900D3E8F2 /* samplePostUsingFirebase */,
				126B6A521DE740E900D3E8F2 /* Products */,
			);
			sourceTree = "<group>";
		};
		126B6A521DE740E900D3E8F2 /* Products */ = {
			isa = PBXGroup;
			children = (
				126B6A511DE740E900D3E8F2 /* samplePostUsingFirebase.app */,
			);
			name = Products;
			sourceTree = "<group>";
		};
		126B6A531DE740E900D3E8F2 /* samplePostUsingFirebase */ = {
			isa = PBXGroup;
			children = (
				126B6A541DE740E900D3E8F2 /* AppDelegate.swift */,
				126B6A561DE740E900D3E8F2 /* ViewController.swift */,
				126B6A581DE740E900D3E8F2 /* Main.storyboard */,
				126B6A5B1DE740E900D3E8F2 /* Assets.xcassets */,
				126B6A5D1DE740E900D3E8F2 /* LaunchScreen.storyboard */,
				126B6A601DE740E900D3E8F2 /* Info.plist */,
			);
			path = samplePostUsingFirebase;
			sourceTree = "<group>";
		};
/* End PBXGroup section */

/* Begin PBXNativeTarget section */
		126B6A501DE740E900D3E8F2 /* samplePostUsingFirebase */ = {
			isa = PBXNativeTarget;
			buildConfigurationList = 126B6A631DE740E900D3E8F2 /* Build configuration list for PBXNativeTarget "samplePostUsingFirebase" */;
			buildPhases = (
				126B6A4D1DE740E900D3E8F2 /* Sources */,
				126B6A4E1DE740E900D3E8F2 /* Frameworks */,
				126B6A4F1DE740E900D3E8F2 /* Resources */,
			);
			buildRules = (
			);
			dependencies = (
			);
			name = samplePostUsingFirebase;
			productName = samplePostUsingFirebase;
			productReference = 126B6A511DE740E900D3E8F2 /* samplePostUsingFirebase.app */;
			productType = "com.apple.product-type.application";
		};
/* End PBXNativeTarget section */

/* Begin PBXProject section */
		126B6A491DE740E900D3E8F2 /* Project object */ = {
			isa = PBXProject;
			attributes = {
				LastSwiftUpdateCheck = 0820;
				LastUpgradeCheck = 0820;
				ORGANIZATIONNAME = brunnogoncalves;
				TargetAttributes = {
					126B6A501DE740E900D3E8F2 = {
						CreatedOnToolsVersion = 8.2;
						DevelopmentTeam = 54DAHYNVB6;
						ProvisioningStyle = Automatic;
					};
				};
			};
			buildConfigurationList = 126B6A4C1DE740E900D3E8F2 /* Build configuration list for PBXProject "samplePostUsingFirebase" */;
			compatibilityVersion = "Xcode 3.2";
			developmentRegion = English;
			hasScannedForEncodings = 0;
			knownRegions = (
				en,
				Base,
			);
			mainGroup = 126B6A481DE740E900D3E8F2;
			productRefGroup = 126B6A521DE740E900D3E8F2 /* Products */;
			projectDirPath = "";
			projectRoot = "";
			targets = (
				126B6A501DE740E900D3E8F2 /* samplePostUsingFirebase */,
			);
		};
/* End PBXProject section */

/* Begin PBXResourcesBuildPhase section */
		126B6A4F1DE740E900D3E8F2 /* Resources */ = {
			isa = PBXResourcesBuildPhase;
			buildActionMask = 2147483647;
			files = (
				126B6A5F1DE740E900D3E8F2 /* LaunchScreen.storyboard in Resources */,
				126B6A5C1DE740E900D3E8F2 /* Assets.xcassets in Resources */,
				126B6A5A1DE740E900D3E8F2 /* Main.storyboard in Resources */,
			);
			runOnlyForDeploymentPostprocessing = 0;
		};
/* End PBXResourcesBuildPhase section */

/* Begin PBXSourcesBuildPhase section */
		126B6A4D1DE740E900D3E8F2 /* Sources */ = {
			isa = PBXSourcesBuildPhase;
			buildActionMask = 2147483647;
			files = (
				126B6A571DE740E900D3E8F2 /* ViewController.swift in Sources */,
				126B6A551DE740E900D3E8F2 /* AppDelegate.swift in Sources */,
			);
			runOnlyForDeploymentPostprocessing = 0;
		};
/* End PBXSourcesBuildPhase section */

/* Begin PBXVariantGroup section */
		126B6A581DE740E900D3E8F2 /* Main.storyboard */ = {
			isa = PBXVariantGroup;
			children = (
				126B6A591DE740E900D3E8F2 /* Base */,
			);
			name = Main.storyboard;
			sourceTree = "<group>";
		};
		126B6A5D1DE740E900D3E8F2 /* LaunchScreen.storyboard */ = {
			isa = PBXVariantGroup;
			children = (
				126B6A5E1DE740E900D3E8F2 /* Base */,
			);
			name = LaunchScreen.storyboard;
			sourceTree = "<group>";
		};
/* End PBXVariantGroup section */

/* Begin XCBuildConfiguration section */
		126B6A611DE740E900D3E8F2 /* Debug */ = {
			isa = XCBuildConfiguration;
			buildSettings = {
				ALWAYS_SEARCH_USER_PATHS = NO;
				CLANG_ANALYZER_NONNULL = YES;
				CLANG_CXX_LANGUAGE_STANDARD = "gnu++0x";
				CLANG_CXX_LIBRARY = "libc++";
				CLANG_ENABLE_MODULES = YES;
				CLANG_ENABLE_OBJC_ARC = YES;
				CLANG_WARN_BOOL_CONVERSION = YES;
				CLANG_WARN_CONSTANT_CONVERSION = YES;
				CLANG_WARN_DIRECT_OBJC_ISA_USAGE = YES_ERROR;
				CLANG_WARN_DOCUMENTATION_COMMENTS = YES;
				CLANG_WARN_EMPTY_BODY = YES;
				CLANG_WARN_ENUM_CONVERSION = YES;
				CLANG_WARN_INFINITE_RECURSION = YES;
				CLANG_WARN_INT_CONVERSION = YES;
				CLANG_WARN_OBJC_ROOT_CLASS = YES_ERROR;
				CLANG_WARN_SUSPICIOUS_MOVE = YES;
				CLANG_WARN_UNREACHABLE_CODE = YES;
				CLANG_WARN__DUPLICATE_METHOD_MATCH = YES;
				"CODE_SIGN_IDENTITY[sdk=iphoneos*]" = "iPhone Developer";
				COPY_PHASE_STRIP = NO;
				DEBUG_INFORMATION_FORMAT = dwarf;
				ENABLE_STRICT_OBJC_MSGSEND = YES;
				ENABLE_TESTABILITY = YES;
				GCC_C_LANGUAGE_STANDARD = gnu99;
				GCC_DYNAMIC_NO_PIC = NO;
				GCC_NO_COMMON_BLOCKS = YES;
				GCC_OPTIMIZATION_LEVEL = 0;
				GCC_PREPROCESSOR_DEFINITIONS = (
					"DEBUG=1",
					"$(inherited)",
				);
				GCC_WARN_64_TO_32_BIT_CONVERSION = YES;
				GCC_WARN_ABOUT_RETURN_TYPE = YES_ERROR;
				GCC_WARN_UNDECLARED_SELECTOR = YES;
				GCC_WARN_UNINITIALIZED_AUTOS = YES_AGGRESSIVE;
				GCC_WARN_UNUSED_FUNCTION = YES;
				GCC_WARN_UNUSED_VARIABLE = YES;
				IPHONEOS_DEPLOYMENT_TARGET = 10.2;
				MTL_ENABLE_DEBUG_INFO = YES;
				ONLY_ACTIVE_ARCH = YES;
				SDKROOT = iphoneos;
				SWIFT_ACTIVE_COMPILATION_CONDITIONS = DEBUG;
				SWIFT_OPTIMIZATION_LEVEL = "-Onone";
			};
			name = Debug;
		};
		126B6A621DE740E900D3E8F2 /* Release */ = {
			isa = XCBuildConfiguration;
			buildSettings = {
				ALWAYS_SEARCH_USER_PATHS = NO;
				CLANG_ANALYZER_NONNULL = YES;
				CLANG_CXX_LANGUAGE_STANDARD = "gnu++0x";
				CLANG_CXX_LIBRARY = "libc++";
				CLANG_ENABLE_MODULES = YES;
				CLANG_ENABLE_OBJC_ARC = YES;
				CLANG_WARN_BOOL_CONVERSION = YES;
				CLANG_WARN_CONSTANT_CONVERSION = YES;
				CLANG_WARN_DIRECT_OBJC_ISA_USAGE = YES_ERROR;
				CLANG_WARN_DOCUMENTATION_COMMENTS = YES;
				CLANG_WARN_EMPTY_BODY = YES;
				CLANG_WARN_ENUM_CONVERSION = YES;
				CLANG_WARN_INFINITE_RECURSION = YES;
				CLANG_WARN_INT_CONVERSION = YES;
				CLANG_WARN_OBJC_ROOT_CLASS = YES_ERROR;
				CLANG_WARN_SUSPICIOUS_MOVE = YES;
				CLANG_WARN_UNREACHABLE_CODE = YES;
				CLANG_WARN__DUPLICATE_METHOD_MATCH = YES;
				"CODE_SIGN_IDENTITY[sdk=iphoneos*]" = "iPhone Developer";
				COPY_PHASE_STRIP = NO;
				DEBUG_INFORMATION_FORMAT = "dwarf-with-dsym";
				ENABLE_NS_ASSERTIONS = NO;
				ENABLE_STRICT_OBJC_MSGSEND = YES;
				GCC_C_LANGUAGE_STANDARD = gnu99;
				GCC_NO_COMMON_BLOCKS = YES;
				GCC_WARN_64_TO_32_BIT_CONVERSION = YES;
				GCC_WARN_ABOUT_RETURN_TYPE = YES_ERROR;
				GCC_WARN_UNDECLARED_SELECTOR = YES;
				GCC_WARN_UNINITIALIZED_AUTOS = YES_AGGRESSIVE;
				GCC_WARN_UNUSED_FUNCTION = YES;
				GCC_WARN_UNUSED_VARIABLE = YES;
				IPHONEOS_DEPLOYMENT_TARGET = 10.2;
				MTL_ENABLE_DEBUG_INFO = NO;
				SDKROOT = iphoneos;
				SWIFT_OPTIMIZATION_LEVEL = "-Owholemodule";
				VALIDATE_PRODUCT = YES;
			};
			name = Release;
		};
		126B6A641DE740E900D3E8F2 /* Debug */ = {
			isa = XCBuildConfiguration;
			buildSettings = {
				ASSETCATALOG_COMPILER_APPICON_NAME = AppIcon;
				DEVELOPMENT_TEAM = 54DAHYNVB6;
				INFOPLIST_FILE = samplePostUsingFirebase/Info.plist;
				LD_RUNPATH_SEARCH_PATHS = "$(inherited) @executable_path/Frameworks";
				PRODUCT_BUNDLE_IDENTIFIER = com.brunnogoncalves.samplePostUsingFirebase;
				PRODUCT_NAME = "$(TARGET_NAME)";
				SWIFT_VERSION = 3.0;
			};
			name = Debug;
		};
		126B6A651DE740E900D3E8F2 /* Release */ = {
			isa = XCBuildConfiguration;
			buildSettings = {
				ASSETCATALOG_COMPILER_APPICON_NAME = AppIcon;
				DEVELOPMENT_TEAM = 54DAHYNVB6;
				INFOPLIST_FILE = samplePostUsingFirebase/Info.plist;
				LD_RUNPATH_SEARCH_PATHS = "$(inherited) @executable_path/Frameworks";
				PRODUCT_BUNDLE_IDENTIFIER = com.brunnogoncalves.samplePostUsingFirebase;
				PRODUCT_NAME = "$(TARGET_NAME)";
				SWIFT_VERSION = 3.0;
			};
			name = Release;
		};
/* End XCBuildConfiguration section */

/* Begin XCConfigurationList section */
		126B6A4C1DE740E900D3E8F2 /* Build configuration list for PBXProject "samplePostUsingFirebase" */ = {
			isa = XCConfigurationList;
			buildConfigurations = (
				126B6A611DE740E900D3E8F2 /* Debug */,
				126B6A621DE740E900D3E8F2 /* Release */,
			);
			defaultConfigurationIsVisible = 0;
			defaultConfigurationName = Release;
		};
		126B6A631DE740E900D3E8F2 /* Build configuration list for PBXNativeTarget "samplePostUsingFirebase" */ = {
			isa = XCConfigurationList;
			buildConfigurations = (
				126B6A641DE740E900D3E8F2 /* Debug */,
				126B6A651DE740E900D3E8F2 /* Release */,
			);
			defaultConfigurationIsVisible = 0;
		};
/* End XCConfigurationList section */
	};
	rootObject = 126B6A491DE740E900D3E8F2 /* Project object */;
}
